// !$*UTF8*$!
{
	archiveVersion = 1;
	classes = {
	};
	objectVersion = 50;
	objects = {

/* Begin PBXBuildFile section */
		41688B1E262631E0006F18EB /* Color.swift in Sources */ = {isa = PBXBuildFile; fileRef = 41688B1D262631E0006F18EB /* Color.swift */; };
		417D0FCA2615BC9B003FBA45 /* Tests_iOS.swift in Sources */ = {isa = PBXBuildFile; fileRef = 417D0FC92615BC9B003FBA45 /* Tests_iOS.swift */; };
		417D0FD52615BC9B003FBA45 /* Tests_macOS.swift in Sources */ = {isa = PBXBuildFile; fileRef = 417D0FD42615BC9B003FBA45 /* Tests_macOS.swift */; };
		417D0FD72615BC9B003FBA45 /* medicalApp.swift in Sources */ = {isa = PBXBuildFile; fileRef = 417D0FAE2615BC99003FBA45 /* medicalApp.swift */; };
		417D0FD82615BC9B003FBA45 /* medicalApp.swift in Sources */ = {isa = PBXBuildFile; fileRef = 417D0FAE2615BC99003FBA45 /* medicalApp.swift */; };
		417D0FD92615BC9B003FBA45 /* ViewContent.swift in Sources */ = {isa = PBXBuildFile; fileRef = 417D0FAF2615BC99003FBA45 /* ViewContent.swift */; };
		417D0FDA2615BC9B003FBA45 /* ViewContent.swift in Sources */ = {isa = PBXBuildFile; fileRef = 417D0FAF2615BC99003FBA45 /* ViewContent.swift */; };
		417D0FDB2615BC9B003FBA45 /* Assets.xcassets in Resources */ = {isa = PBXBuildFile; fileRef = 417D0FB02615BC9A003FBA45 /* Assets.xcassets */; };
		417D0FDC2615BC9B003FBA45 /* Assets.xcassets in Resources */ = {isa = PBXBuildFile; fileRef = 417D0FB02615BC9A003FBA45 /* Assets.xcassets */; };
		417D0FF02615C92B003FBA45 /* ViewMain.swift in Sources */ = {isa = PBXBuildFile; fileRef = 417D0FEF2615C92B003FBA45 /* ViewMain.swift */; };
		417D0FF12615C92B003FBA45 /* ViewMain.swift in Sources */ = {isa = PBXBuildFile; fileRef = 417D0FEF2615C92B003FBA45 /* ViewMain.swift */; };
		417D0FF72615C945003FBA45 /* ViewRecord.swift in Sources */ = {isa = PBXBuildFile; fileRef = 417D0FF62615C945003FBA45 /* ViewRecord.swift */; };
		417D0FF82615C945003FBA45 /* ViewRecord.swift in Sources */ = {isa = PBXBuildFile; fileRef = 417D0FF62615C945003FBA45 /* ViewRecord.swift */; };
		417D0FFE2615C954003FBA45 /* ViewTips.swift in Sources */ = {isa = PBXBuildFile; fileRef = 417D0FFD2615C954003FBA45 /* ViewTips.swift */; };
		417D0FFF2615C954003FBA45 /* ViewTips.swift in Sources */ = {isa = PBXBuildFile; fileRef = 417D0FFD2615C954003FBA45 /* ViewTips.swift */; };
		417D10052615C97C003FBA45 /* ViewAlarms.swift in Sources */ = {isa = PBXBuildFile; fileRef = 417D10042615C97C003FBA45 /* ViewAlarms.swift */; };
		417D10062615C97C003FBA45 /* ViewAlarms.swift in Sources */ = {isa = PBXBuildFile; fileRef = 417D10042615C97C003FBA45 /* ViewAlarms.swift */; };
		417D100C2615C9A0003FBA45 /* ViewNewRecord.swift in Sources */ = {isa = PBXBuildFile; fileRef = 417D100B2615C9A0003FBA45 /* ViewNewRecord.swift */; };
		417D100D2615C9A0003FBA45 /* ViewNewRecord.swift in Sources */ = {isa = PBXBuildFile; fileRef = 417D100B2615C9A0003FBA45 /* ViewNewRecord.swift */; };
		417D10132615C9AE003FBA45 /* ViewDetailRecord.swift in Sources */ = {isa = PBXBuildFile; fileRef = 417D10122615C9AE003FBA45 /* ViewDetailRecord.swift */; };
		417D10142615C9AE003FBA45 /* ViewDetailRecord.swift in Sources */ = {isa = PBXBuildFile; fileRef = 417D10122615C9AE003FBA45 /* ViewDetailRecord.swift */; };
		417D101A2615C9C4003FBA45 /* ViewProfile.swift in Sources */ = {isa = PBXBuildFile; fileRef = 417D10192615C9C4003FBA45 /* ViewProfile.swift */; };
		417D101B2615C9C4003FBA45 /* ViewProfile.swift in Sources */ = {isa = PBXBuildFile; fileRef = 417D10192615C9C4003FBA45 /* ViewProfile.swift */; };
		417D10212615CA8E003FBA45 /* ComponentCategoryRecord.swift in Sources */ = {isa = PBXBuildFile; fileRef = 417D10202615CA8E003FBA45 /* ComponentCategoryRecord.swift */; };
		417D10222615CA8E003FBA45 /* ComponentCategoryRecord.swift in Sources */ = {isa = PBXBuildFile; fileRef = 417D10202615CA8E003FBA45 /* ComponentCategoryRecord.swift */; };
		417D10282615CB36003FBA45 /* ComponentInputBloodPressure.swift in Sources */ = {isa = PBXBuildFile; fileRef = 417D10272615CB36003FBA45 /* ComponentInputBloodPressure.swift */; };
		417D10292615CB36003FBA45 /* ComponentInputBloodPressure.swift in Sources */ = {isa = PBXBuildFile; fileRef = 417D10272615CB36003FBA45 /* ComponentInputBloodPressure.swift */; };
		417D10302615CE67003FBA45 /* Record.swift in Sources */ = {isa = PBXBuildFile; fileRef = 417D102F2615CE67003FBA45 /* Record.swift */; };
		417D10312615CE67003FBA45 /* Record.swift in Sources */ = {isa = PBXBuildFile; fileRef = 417D102F2615CE67003FBA45 /* Record.swift */; };
		417D10372615CF25003FBA45 /* RowRecord.swift in Sources */ = {isa = PBXBuildFile; fileRef = 417D10362615CF25003FBA45 /* RowRecord.swift */; };
		417D10382615CF25003FBA45 /* RowRecord.swift in Sources */ = {isa = PBXBuildFile; fileRef = 417D10362615CF25003FBA45 /* RowRecord.swift */; };
		417D103E2615D293003FBA45 /* ListRecord.swift in Sources */ = {isa = PBXBuildFile; fileRef = 417D103D2615D293003FBA45 /* ListRecord.swift */; };
		417D103F2615D293003FBA45 /* ListRecord.swift in Sources */ = {isa = PBXBuildFile; fileRef = 417D103D2615D293003FBA45 /* ListRecord.swift */; };
		418228B5262763BB009BEDBF /* ComponentGraph.swift in Sources */ = {isa = PBXBuildFile; fileRef = 418228B4262763BB009BEDBF /* ComponentGraph.swift */; };
		418228B6262763BB009BEDBF /* ComponentGraph.swift in Sources */ = {isa = PBXBuildFile; fileRef = 418228B4262763BB009BEDBF /* ComponentGraph.swift */; };
		4189A3E3261B999500729AF4 /* RowTip.swift in Sources */ = {isa = PBXBuildFile; fileRef = 4189A3E2261B999500729AF4 /* RowTip.swift */; };
		4189A3E4261B999500729AF4 /* RowTip.swift in Sources */ = {isa = PBXBuildFile; fileRef = 4189A3E2261B999500729AF4 /* RowTip.swift */; };
		4189A3EA261B999F00729AF4 /* ListTips.swift in Sources */ = {isa = PBXBuildFile; fileRef = 4189A3E9261B999F00729AF4 /* ListTips.swift */; };
		4189A3EB261B999F00729AF4 /* ListTips.swift in Sources */ = {isa = PBXBuildFile; fileRef = 4189A3E9261B999F00729AF4 /* ListTips.swift */; };
		4189A3F1261B99BC00729AF4 /* Tip.swift in Sources */ = {isa = PBXBuildFile; fileRef = 4189A3F0261B99BC00729AF4 /* Tip.swift */; };
		4189A3F2261B99BC00729AF4 /* Tip.swift in Sources */ = {isa = PBXBuildFile; fileRef = 4189A3F0261B99BC00729AF4 /* Tip.swift */; };
		4189D40F2624B9B60033B5EA /* LIstAlarms.swift in Sources */ = {isa = PBXBuildFile; fileRef = 4189D40E2624B9B60033B5EA /* LIstAlarms.swift */; };
		4189D4102624B9B60033B5EA /* LIstAlarms.swift in Sources */ = {isa = PBXBuildFile; fileRef = 4189D40E2624B9B60033B5EA /* LIstAlarms.swift */; };
		4189D41A2624B9DB0033B5EA /* Alarm.swift in Sources */ = {isa = PBXBuildFile; fileRef = 4189D4192624B9DB0033B5EA /* Alarm.swift */; };
		4189D41B2624B9DB0033B5EA /* Alarm.swift in Sources */ = {isa = PBXBuildFile; fileRef = 4189D4192624B9DB0033B5EA /* Alarm.swift */; };
		4189D4252624BAC90033B5EA /* RowAlarm.swift in Sources */ = {isa = PBXBuildFile; fileRef = 4189D4242624BAC90033B5EA /* RowAlarm.swift */; };
		4189D4262624BAC90033B5EA /* RowAlarm.swift in Sources */ = {isa = PBXBuildFile; fileRef = 4189D4242624BAC90033B5EA /* RowAlarm.swift */; };
		4189D4302624C0280033B5EA /* ViewDetailAlarm.swift in Sources */ = {isa = PBXBuildFile; fileRef = 4189D42F2624C0280033B5EA /* ViewDetailAlarm.swift */; };
		4189D4312624C0280033B5EA /* ViewDetailAlarm.swift in Sources */ = {isa = PBXBuildFile; fileRef = 4189D42F2624C0280033B5EA /* ViewDetailAlarm.swift */; };
		4189D43B2624C28B0033B5EA /* ComponentHeader.swift in Sources */ = {isa = PBXBuildFile; fileRef = 4189D43A2624C28B0033B5EA /* ComponentHeader.swift */; };
		4189D43C2624C28B0033B5EA /* ComponentHeader.swift in Sources */ = {isa = PBXBuildFile; fileRef = 4189D43A2624C28B0033B5EA /* ComponentHeader.swift */; };
/* End PBXBuildFile section */

/* Begin PBXContainerItemProxy section */
		417D0FC62615BC9B003FBA45 /* PBXContainerItemProxy */ = {
			isa = PBXContainerItemProxy;
			containerPortal = 417D0FA92615BC99003FBA45 /* Project object */;
			proxyType = 1;
			remoteGlobalIDString = 417D0FB42615BC9A003FBA45;
			remoteInfo = "medical (iOS)";
		};
		417D0FD12615BC9B003FBA45 /* PBXContainerItemProxy */ = {
			isa = PBXContainerItemProxy;
			containerPortal = 417D0FA92615BC99003FBA45 /* Project object */;
			proxyType = 1;
			remoteGlobalIDString = 417D0FBC2615BC9A003FBA45;
			remoteInfo = "medical (macOS)";
		};
/* End PBXContainerItemProxy section */

/* Begin PBXFileReference section */
		41688B1D262631E0006F18EB /* Color.swift */ = {isa = PBXFileReference; lastKnownFileType = sourcecode.swift; path = Color.swift; sourceTree = "<group>"; };
		417D0FAE2615BC99003FBA45 /* medicalApp.swift */ = {isa = PBXFileReference; lastKnownFileType = sourcecode.swift; path = medicalApp.swift; sourceTree = "<group>"; };
		417D0FAF2615BC99003FBA45 /* ViewContent.swift */ = {isa = PBXFileReference; lastKnownFileType = sourcecode.swift; path = ViewContent.swift; sourceTree = "<group>"; };
		417D0FB02615BC9A003FBA45 /* Assets.xcassets */ = {isa = PBXFileReference; lastKnownFileType = folder.assetcatalog; path = Assets.xcassets; sourceTree = "<group>"; };
		417D0FB52615BC9A003FBA45 /* medical.app */ = {isa = PBXFileReference; explicitFileType = wrapper.application; includeInIndex = 0; path = medical.app; sourceTree = BUILT_PRODUCTS_DIR; };
		417D0FB82615BC9A003FBA45 /* Info.plist */ = {isa = PBXFileReference; lastKnownFileType = text.plist.xml; path = Info.plist; sourceTree = "<group>"; };
		417D0FBD2615BC9A003FBA45 /* medical.app */ = {isa = PBXFileReference; explicitFileType = wrapper.application; includeInIndex = 0; path = medical.app; sourceTree = BUILT_PRODUCTS_DIR; };
		417D0FBF2615BC9A003FBA45 /* Info.plist */ = {isa = PBXFileReference; lastKnownFileType = text.plist.xml; path = Info.plist; sourceTree = "<group>"; };
		417D0FC02615BC9A003FBA45 /* macOS.entitlements */ = {isa = PBXFileReference; lastKnownFileType = text.plist.entitlements; path = macOS.entitlements; sourceTree = "<group>"; };
		417D0FC52615BC9B003FBA45 /* Tests iOS.xctest */ = {isa = PBXFileReference; explicitFileType = wrapper.cfbundle; includeInIndex = 0; path = "Tests iOS.xctest"; sourceTree = BUILT_PRODUCTS_DIR; };
		417D0FC92615BC9B003FBA45 /* Tests_iOS.swift */ = {isa = PBXFileReference; lastKnownFileType = sourcecode.swift; path = Tests_iOS.swift; sourceTree = "<group>"; };
		417D0FCB2615BC9B003FBA45 /* Info.plist */ = {isa = PBXFileReference; lastKnownFileType = text.plist.xml; path = Info.plist; sourceTree = "<group>"; };
		417D0FD02615BC9B003FBA45 /* Tests macOS.xctest */ = {isa = PBXFileReference; explicitFileType = wrapper.cfbundle; includeInIndex = 0; path = "Tests macOS.xctest"; sourceTree = BUILT_PRODUCTS_DIR; };
		417D0FD42615BC9B003FBA45 /* Tests_macOS.swift */ = {isa = PBXFileReference; lastKnownFileType = sourcecode.swift; path = Tests_macOS.swift; sourceTree = "<group>"; };
		417D0FD62615BC9B003FBA45 /* Info.plist */ = {isa = PBXFileReference; lastKnownFileType = text.plist.xml; path = Info.plist; sourceTree = "<group>"; };
		417D0FEF2615C92B003FBA45 /* ViewMain.swift */ = {isa = PBXFileReference; lastKnownFileType = sourcecode.swift; path = ViewMain.swift; sourceTree = "<group>"; };
		417D0FF62615C945003FBA45 /* ViewRecord.swift */ = {isa = PBXFileReference; lastKnownFileType = sourcecode.swift; path = ViewRecord.swift; sourceTree = "<group>"; };
		417D0FFD2615C954003FBA45 /* ViewTips.swift */ = {isa = PBXFileReference; lastKnownFileType = sourcecode.swift; path = ViewTips.swift; sourceTree = "<group>"; };
		417D10042615C97C003FBA45 /* ViewAlarms.swift */ = {isa = PBXFileReference; lastKnownFileType = sourcecode.swift; path = ViewAlarms.swift; sourceTree = "<group>"; };
		417D100B2615C9A0003FBA45 /* ViewNewRecord.swift */ = {isa = PBXFileReference; lastKnownFileType = sourcecode.swift; path = ViewNewRecord.swift; sourceTree = "<group>"; };
		417D10122615C9AE003FBA45 /* ViewDetailRecord.swift */ = {isa = PBXFileReference; lastKnownFileType = sourcecode.swift; path = ViewDetailRecord.swift; sourceTree = "<group>"; };
		417D10192615C9C4003FBA45 /* ViewProfile.swift */ = {isa = PBXFileReference; lastKnownFileType = sourcecode.swift; path = ViewProfile.swift; sourceTree = "<group>"; };
		417D10202615CA8E003FBA45 /* ComponentCategoryRecord.swift */ = {isa = PBXFileReference; lastKnownFileType = sourcecode.swift; path = ComponentCategoryRecord.swift; sourceTree = "<group>"; };
		417D10272615CB36003FBA45 /* ComponentInputBloodPressure.swift */ = {isa = PBXFileReference; lastKnownFileType = sourcecode.swift; path = ComponentInputBloodPressure.swift; sourceTree = "<group>"; };
		417D102F2615CE67003FBA45 /* Record.swift */ = {isa = PBXFileReference; lastKnownFileType = sourcecode.swift; path = Record.swift; sourceTree = "<group>"; };
		417D10362615CF25003FBA45 /* RowRecord.swift */ = {isa = PBXFileReference; lastKnownFileType = sourcecode.swift; path = RowRecord.swift; sourceTree = "<group>"; };
		417D103D2615D293003FBA45 /* ListRecord.swift */ = {isa = PBXFileReference; lastKnownFileType = sourcecode.swift; path = ListRecord.swift; sourceTree = "<group>"; };
		418228B4262763BB009BEDBF /* ComponentGraph.swift */ = {isa = PBXFileReference; lastKnownFileType = sourcecode.swift; path = ComponentGraph.swift; sourceTree = "<group>"; };
		4189A3E2261B999500729AF4 /* RowTip.swift */ = {isa = PBXFileReference; lastKnownFileType = sourcecode.swift; path = RowTip.swift; sourceTree = "<group>"; };
		4189A3E9261B999F00729AF4 /* ListTips.swift */ = {isa = PBXFileReference; lastKnownFileType = sourcecode.swift; path = ListTips.swift; sourceTree = "<group>"; };
		4189A3F0261B99BC00729AF4 /* Tip.swift */ = {isa = PBXFileReference; lastKnownFileType = sourcecode.swift; path = Tip.swift; sourceTree = "<group>"; };
		4189D40E2624B9B60033B5EA /* LIstAlarms.swift */ = {isa = PBXFileReference; lastKnownFileType = sourcecode.swift; path = LIstAlarms.swift; sourceTree = "<group>"; };
		4189D4192624B9DB0033B5EA /* Alarm.swift */ = {isa = PBXFileReference; lastKnownFileType = sourcecode.swift; path = Alarm.swift; sourceTree = "<group>"; };
		4189D4242624BAC90033B5EA /* RowAlarm.swift */ = {isa = PBXFileReference; lastKnownFileType = sourcecode.swift; path = RowAlarm.swift; sourceTree = "<group>"; };
		4189D42F2624C0280033B5EA /* ViewDetailAlarm.swift */ = {isa = PBXFileReference; lastKnownFileType = sourcecode.swift; path = ViewDetailAlarm.swift; sourceTree = "<group>"; };
		4189D43A2624C28B0033B5EA /* ComponentHeader.swift */ = {isa = PBXFileReference; lastKnownFileType = sourcecode.swift; path = ComponentHeader.swift; sourceTree = "<group>"; };
/* End PBXFileReference section */

/* Begin PBXFrameworksBuildPhase section */
		417D0FB22615BC9A003FBA45 /* Frameworks */ = {
			isa = PBXFrameworksBuildPhase;
			buildActionMask = 2147483647;
			files = (
			);
			runOnlyForDeploymentPostprocessing = 0;
		};
		417D0FBA2615BC9A003FBA45 /* Frameworks */ = {
			isa = PBXFrameworksBuildPhase;
			buildActionMask = 2147483647;
			files = (
			);
			runOnlyForDeploymentPostprocessing = 0;
		};
		417D0FC22615BC9B003FBA45 /* Frameworks */ = {
			isa = PBXFrameworksBuildPhase;
			buildActionMask = 2147483647;
			files = (
			);
			runOnlyForDeploymentPostprocessing = 0;
		};
		417D0FCD2615BC9B003FBA45 /* Frameworks */ = {
			isa = PBXFrameworksBuildPhase;
			buildActionMask = 2147483647;
			files = (
			);
			runOnlyForDeploymentPostprocessing = 0;
		};
/* End PBXFrameworksBuildPhase section */

/* Begin PBXGroup section */
		41688B1B262631C8006F18EB /* Utils */ = {
			isa = PBXGroup;
			children = (
			);
			path = Utils;
			sourceTree = "<group>";
		};
		41688B1C262631D1006F18EB /* Extensions */ = {
			isa = PBXGroup;
			children = (
				41688B1D262631E0006F18EB /* Color.swift */,
			);
			path = Extensions;
			sourceTree = "<group>";
		};
		417D0FA82615BC99003FBA45 = {
			isa = PBXGroup;
			children = (
				417D0FAD2615BC99003FBA45 /* Shared */,
				417D0FB72615BC9A003FBA45 /* iOS */,
				417D0FBE2615BC9A003FBA45 /* macOS */,
				417D0FC82615BC9B003FBA45 /* Tests iOS */,
				417D0FD32615BC9B003FBA45 /* Tests macOS */,
				417D0FB62615BC9A003FBA45 /* Products */,
			);
			sourceTree = "<group>";
		};
		417D0FAD2615BC99003FBA45 /* Shared */ = {
			isa = PBXGroup;
			children = (
				41688B1C262631D1006F18EB /* Extensions */,
				41688B1B262631C8006F18EB /* Utils */,
				417D102E2615CE43003FBA45 /* Data */,
				417D0FAE2615BC99003FBA45 /* medicalApp.swift */,
				417D0FAF2615BC99003FBA45 /* ViewContent.swift */,
				417D0FB02615BC9A003FBA45 /* Assets.xcassets */,
				417D0FEF2615C92B003FBA45 /* ViewMain.swift */,
				417D0FF62615C945003FBA45 /* ViewRecord.swift */,
				417D0FFD2615C954003FBA45 /* ViewTips.swift */,
				417D10042615C97C003FBA45 /* ViewAlarms.swift */,
				417D100B2615C9A0003FBA45 /* ViewNewRecord.swift */,
				417D10192615C9C4003FBA45 /* ViewProfile.swift */,
				417D10122615C9AE003FBA45 /* ViewDetailRecord.swift */,
				4189D42F2624C0280033B5EA /* ViewDetailAlarm.swift */,
				417D10202615CA8E003FBA45 /* ComponentCategoryRecord.swift */,
				417D10272615CB36003FBA45 /* ComponentInputBloodPressure.swift */,
				4189D43A2624C28B0033B5EA /* ComponentHeader.swift */,
				418228B4262763BB009BEDBF /* ComponentGraph.swift */,
				417D10362615CF25003FBA45 /* RowRecord.swift */,
				4189A3E2261B999500729AF4 /* RowTip.swift */,
				4189D4242624BAC90033B5EA /* RowAlarm.swift */,
				417D103D2615D293003FBA45 /* ListRecord.swift */,
				4189A3E9261B999F00729AF4 /* ListTips.swift */,
				4189D40E2624B9B60033B5EA /* LIstAlarms.swift */,
			);
			path = Shared;
			sourceTree = "<group>";
		};
		417D0FB62615BC9A003FBA45 /* Products */ = {
			isa = PBXGroup;
			children = (
				417D0FB52615BC9A003FBA45 /* medical.app */,
				417D0FBD2615BC9A003FBA45 /* medical.app */,
				417D0FC52615BC9B003FBA45 /* Tests iOS.xctest */,
				417D0FD02615BC9B003FBA45 /* Tests macOS.xctest */,
			);
			name = Products;
			sourceTree = "<group>";
		};
		417D0FB72615BC9A003FBA45 /* iOS */ = {
			isa = PBXGroup;
			children = (
				417D0FB82615BC9A003FBA45 /* Info.plist */,
			);
			path = iOS;
			sourceTree = "<group>";
		};
		417D0FBE2615BC9A003FBA45 /* macOS */ = {
			isa = PBXGroup;
			children = (
				417D0FBF2615BC9A003FBA45 /* Info.plist */,
				417D0FC02615BC9A003FBA45 /* macOS.entitlements */,
			);
			path = macOS;
			sourceTree = "<group>";
		};
		417D0FC82615BC9B003FBA45 /* Tests iOS */ = {
			isa = PBXGroup;
			children = (
				417D0FC92615BC9B003FBA45 /* Tests_iOS.swift */,
				417D0FCB2615BC9B003FBA45 /* Info.plist */,
			);
			path = "Tests iOS";
			sourceTree = "<group>";
		};
		417D0FD32615BC9B003FBA45 /* Tests macOS */ = {
			isa = PBXGroup;
			children = (
				417D0FD42615BC9B003FBA45 /* Tests_macOS.swift */,
				417D0FD62615BC9B003FBA45 /* Info.plist */,
			);
			path = "Tests macOS";
			sourceTree = "<group>";
		};
		417D102E2615CE43003FBA45 /* Data */ = {
			isa = PBXGroup;
			children = (
				417D102F2615CE67003FBA45 /* Record.swift */,
				4189A3F0261B99BC00729AF4 /* Tip.swift */,
				4189D4192624B9DB0033B5EA /* Alarm.swift */,
			);
			path = Data;
			sourceTree = "<group>";
		};
/* End PBXGroup section */

/* Begin PBXNativeTarget section */
		417D0FB42615BC9A003FBA45 /* medical (iOS) */ = {
			isa = PBXNativeTarget;
			buildConfigurationList = 417D0FDF2615BC9B003FBA45 /* Build configuration list for PBXNativeTarget "medical (iOS)" */;
			buildPhases = (
				417D0FB12615BC9A003FBA45 /* Sources */,
				417D0FB22615BC9A003FBA45 /* Frameworks */,
				417D0FB32615BC9A003FBA45 /* Resources */,
			);
			buildRules = (
			);
			dependencies = (
			);
			name = "medical (iOS)";
			productName = "medical (iOS)";
			productReference = 417D0FB52615BC9A003FBA45 /* medical.app */;
			productType = "com.apple.product-type.application";
		};
		417D0FBC2615BC9A003FBA45 /* medical (macOS) */ = {
			isa = PBXNativeTarget;
			buildConfigurationList = 417D0FE22615BC9B003FBA45 /* Build configuration list for PBXNativeTarget "medical (macOS)" */;
			buildPhases = (
				417D0FB92615BC9A003FBA45 /* Sources */,
				417D0FBA2615BC9A003FBA45 /* Frameworks */,
				417D0FBB2615BC9A003FBA45 /* Resources */,
			);
			buildRules = (
			);
			dependencies = (
			);
			name = "medical (macOS)";
			productName = "medical (macOS)";
			productReference = 417D0FBD2615BC9A003FBA45 /* medical.app */;
			productType = "com.apple.product-type.application";
		};
		417D0FC42615BC9B003FBA45 /* Tests iOS */ = {
			isa = PBXNativeTarget;
			buildConfigurationList = 417D0FE52615BC9B003FBA45 /* Build configuration list for PBXNativeTarget "Tests iOS" */;
			buildPhases = (
				417D0FC12615BC9B003FBA45 /* Sources */,
				417D0FC22615BC9B003FBA45 /* Frameworks */,
				417D0FC32615BC9B003FBA45 /* Resources */,
			);
			buildRules = (
			);
			dependencies = (
				417D0FC72615BC9B003FBA45 /* PBXTargetDependency */,
			);
			name = "Tests iOS";
			productName = "Tests iOS";
			productReference = 417D0FC52615BC9B003FBA45 /* Tests iOS.xctest */;
			productType = "com.apple.product-type.bundle.ui-testing";
		};
		417D0FCF2615BC9B003FBA45 /* Tests macOS */ = {
			isa = PBXNativeTarget;
			buildConfigurationList = 417D0FE82615BC9B003FBA45 /* Build configuration list for PBXNativeTarget "Tests macOS" */;
			buildPhases = (
				417D0FCC2615BC9B003FBA45 /* Sources */,
				417D0FCD2615BC9B003FBA45 /* Frameworks */,
				417D0FCE2615BC9B003FBA45 /* Resources */,
			);
			buildRules = (
			);
			dependencies = (
				417D0FD22615BC9B003FBA45 /* PBXTargetDependency */,
			);
			name = "Tests macOS";
			productName = "Tests macOS";
			productReference = 417D0FD02615BC9B003FBA45 /* Tests macOS.xctest */;
			productType = "com.apple.product-type.bundle.ui-testing";
		};
/* End PBXNativeTarget section */

/* Begin PBXProject section */
		417D0FA92615BC99003FBA45 /* Project object */ = {
			isa = PBXProject;
			attributes = {
				LastSwiftUpdateCheck = 1220;
				LastUpgradeCheck = 1220;
				TargetAttributes = {
					417D0FB42615BC9A003FBA45 = {
						CreatedOnToolsVersion = 12.2;
					};
					417D0FBC2615BC9A003FBA45 = {
						CreatedOnToolsVersion = 12.2;
					};
					417D0FC42615BC9B003FBA45 = {
						CreatedOnToolsVersion = 12.2;
						TestTargetID = 417D0FB42615BC9A003FBA45;
					};
					417D0FCF2615BC9B003FBA45 = {
						CreatedOnToolsVersion = 12.2;
						TestTargetID = 417D0FBC2615BC9A003FBA45;
					};
				};
			};
			buildConfigurationList = 417D0FAC2615BC99003FBA45 /* Build configuration list for PBXProject "medical" */;
			compatibilityVersion = "Xcode 9.3";
			developmentRegion = en;
			hasScannedForEncodings = 0;
			knownRegions = (
				en,
				Base,
			);
			mainGroup = 417D0FA82615BC99003FBA45;
			productRefGroup = 417D0FB62615BC9A003FBA45 /* Products */;
			projectDirPath = "";
			projectRoot = "";
			targets = (
				417D0FB42615BC9A003FBA45 /* medical (iOS) */,
				417D0FBC2615BC9A003FBA45 /* medical (macOS) */,
				417D0FC42615BC9B003FBA45 /* Tests iOS */,
				417D0FCF2615BC9B003FBA45 /* Tests macOS */,
			);
		};
/* End PBXProject section */

/* Begin PBXResourcesBuildPhase section */
		417D0FB32615BC9A003FBA45 /* Resources */ = {
			isa = PBXResourcesBuildPhase;
			buildActionMask = 2147483647;
			files = (
				417D0FDB2615BC9B003FBA45 /* Assets.xcassets in Resources */,
			);
			runOnlyForDeploymentPostprocessing = 0;
		};
		417D0FBB2615BC9A003FBA45 /* Resources */ = {
			isa = PBXResourcesBuildPhase;
			buildActionMask = 2147483647;
			files = (
				417D0FDC2615BC9B003FBA45 /* Assets.xcassets in Resources */,
			);
			runOnlyForDeploymentPostprocessing = 0;
		};
		417D0FC32615BC9B003FBA45 /* Resources */ = {
			isa = PBXResourcesBuildPhase;
			buildActionMask = 2147483647;
			files = (
			);
			runOnlyForDeploymentPostprocessing = 0;
		};
		417D0FCE2615BC9B003FBA45 /* Resources */ = {
			isa = PBXResourcesBuildPhase;
			buildActionMask = 2147483647;
			files = (
			);
			runOnlyForDeploymentPostprocessing = 0;
		};
/* End PBXResourcesBuildPhase section */

/* Begin PBXSourcesBuildPhase section */
		417D0FB12615BC9A003FBA45 /* Sources */ = {
			isa = PBXSourcesBuildPhase;
			buildActionMask = 2147483647;
			files = (
				41688B1E262631E0006F18EB /* Color.swift in Sources */,
				4189D4302624C0280033B5EA /* ViewDetailAlarm.swift in Sources */,
				417D10212615CA8E003FBA45 /* ComponentCategoryRecord.swift in Sources */,
				417D10372615CF25003FBA45 /* RowRecord.swift in Sources */,
				418228B5262763BB009BEDBF /* ComponentGraph.swift in Sources */,
				417D10052615C97C003FBA45 /* ViewAlarms.swift in Sources */,
				417D10302615CE67003FBA45 /* Record.swift in Sources */,
				417D10282615CB36003FBA45 /* ComponentInputBloodPressure.swift in Sources */,
				4189D40F2624B9B60033B5EA /* LIstAlarms.swift in Sources */,
				4189A3EA261B999F00729AF4 /* ListTips.swift in Sources */,
				417D101A2615C9C4003FBA45 /* ViewProfile.swift in Sources */,
				417D103E2615D293003FBA45 /* ListRecord.swift in Sources */,
				417D0FFE2615C954003FBA45 /* ViewTips.swift in Sources */,
				417D0FD92615BC9B003FBA45 /* ViewContent.swift in Sources */,
				4189A3E3261B999500729AF4 /* RowTip.swift in Sources */,
				4189D41A2624B9DB0033B5EA /* Alarm.swift in Sources */,
				4189D43B2624C28B0033B5EA /* ComponentHeader.swift in Sources */,
				417D0FF72615C945003FBA45 /* ViewRecord.swift in Sources */,
				4189D4252624BAC90033B5EA /* RowAlarm.swift in Sources */,
				4189A3F1261B99BC00729AF4 /* Tip.swift in Sources */,
				417D100C2615C9A0003FBA45 /* ViewNewRecord.swift in Sources */,
				417D0FF02615C92B003FBA45 /* ViewMain.swift in Sources */,
				417D10132615C9AE003FBA45 /* ViewDetailRecord.swift in Sources */,
				417D0FD72615BC9B003FBA45 /* medicalApp.swift in Sources */,
			);
			runOnlyForDeploymentPostprocessing = 0;
		};
		417D0FB92615BC9A003FBA45 /* Sources */ = {
			isa = PBXSourcesBuildPhase;
			buildActionMask = 2147483647;
			files = (
				4189D4312624C0280033B5EA /* ViewDetailAlarm.swift in Sources */,
				417D10222615CA8E003FBA45 /* ComponentCategoryRecord.swift in Sources */,
				417D10382615CF25003FBA45 /* RowRecord.swift in Sources */,
				417D10062615C97C003FBA45 /* ViewAlarms.swift in Sources */,
				417D10312615CE67003FBA45 /* Record.swift in Sources */,
				417D10292615CB36003FBA45 /* ComponentInputBloodPressure.swift in Sources */,
				4189D4102624B9B60033B5EA /* LIstAlarms.swift in Sources */,
				4189A3EB261B999F00729AF4 /* ListTips.swift in Sources */,
				417D101B2615C9C4003FBA45 /* ViewProfile.swift in Sources */,
				417D103F2615D293003FBA45 /* ListRecord.swift in Sources */,
				417D0FFF2615C954003FBA45 /* ViewTips.swift in Sources */,
				417D0FDA2615BC9B003FBA45 /* ViewContent.swift in Sources */,
				4189A3E4261B999500729AF4 /* RowTip.swift in Sources */,
				4189D41B2624B9DB0033B5EA /* Alarm.swift in Sources */,
				418228B6262763BB009BEDBF /* ComponentGraph.swift in Sources */,
				4189D43C2624C28B0033B5EA /* ComponentHeader.swift in Sources */,
				417D0FF82615C945003FBA45 /* ViewRecord.swift in Sources */,
				4189D4262624BAC90033B5EA /* RowAlarm.swift in Sources */,
				4189A3F2261B99BC00729AF4 /* Tip.swift in Sources */,
				417D100D2615C9A0003FBA45 /* ViewNewRecord.swift in Sources */,
				417D0FF12615C92B003FBA45 /* ViewMain.swift in Sources */,
				417D10142615C9AE003FBA45 /* ViewDetailRecord.swift in Sources */,
				417D0FD82615BC9B003FBA45 /* medicalApp.swift in Sources */,
			);
			runOnlyForDeploymentPostprocessing = 0;
		};
		417D0FC12615BC9B003FBA45 /* Sources */ = {
			isa = PBXSourcesBuildPhase;
			buildActionMask = 2147483647;
			files = (
				417D0FCA2615BC9B003FBA45 /* Tests_iOS.swift in Sources */,
			);
			runOnlyForDeploymentPostprocessing = 0;
		};
		417D0FCC2615BC9B003FBA45 /* Sources */ = {
			isa = PBXSourcesBuildPhase;
			buildActionMask = 2147483647;
			files = (
				417D0FD52615BC9B003FBA45 /* Tests_macOS.swift in Sources */,
			);
			runOnlyForDeploymentPostprocessing = 0;
		};
/* End PBXSourcesBuildPhase section */

/* Begin PBXTargetDependency section */
		417D0FC72615BC9B003FBA45 /* PBXTargetDependency */ = {
			isa = PBXTargetDependency;
			target = 417D0FB42615BC9A003FBA45 /* medical (iOS) */;
			targetProxy = 417D0FC62615BC9B003FBA45 /* PBXContainerItemProxy */;
		};
		417D0FD22615BC9B003FBA45 /* PBXTargetDependency */ = {
			isa = PBXTargetDependency;
			target = 417D0FBC2615BC9A003FBA45 /* medical (macOS) */;
			targetProxy = 417D0FD12615BC9B003FBA45 /* PBXContainerItemProxy */;
		};
/* End PBXTargetDependency section */

/* Begin XCBuildConfiguration section */
		417D0FDD2615BC9B003FBA45 /* Debug */ = {
			isa = XCBuildConfiguration;
			buildSettings = {
				ALWAYS_SEARCH_USER_PATHS = NO;
				CLANG_ANALYZER_NONNULL = YES;
				CLANG_ANALYZER_NUMBER_OBJECT_CONVERSION = YES_AGGRESSIVE;
				CLANG_CXX_LANGUAGE_STANDARD = "gnu++14";
				CLANG_CXX_LIBRARY = "libc++";
				CLANG_ENABLE_MODULES = YES;
				CLANG_ENABLE_OBJC_ARC = YES;
				CLANG_ENABLE_OBJC_WEAK = YES;
				CLANG_WARN_BLOCK_CAPTURE_AUTORELEASING = YES;
				CLANG_WARN_BOOL_CONVERSION = YES;
				CLANG_WARN_COMMA = YES;
				CLANG_WARN_CONSTANT_CONVERSION = YES;
				CLANG_WARN_DEPRECATED_OBJC_IMPLEMENTATIONS = YES;
				CLANG_WARN_DIRECT_OBJC_ISA_USAGE = YES_ERROR;
				CLANG_WARN_DOCUMENTATION_COMMENTS = YES;
				CLANG_WARN_EMPTY_BODY = YES;
				CLANG_WARN_ENUM_CONVERSION = YES;
				CLANG_WARN_INFINITE_RECURSION = YES;
				CLANG_WARN_INT_CONVERSION = YES;
				CLANG_WARN_NON_LITERAL_NULL_CONVERSION = YES;
				CLANG_WARN_OBJC_IMPLICIT_RETAIN_SELF = YES;
				CLANG_WARN_OBJC_LITERAL_CONVERSION = YES;
				CLANG_WARN_OBJC_ROOT_CLASS = YES_ERROR;
				CLANG_WARN_QUOTED_INCLUDE_IN_FRAMEWORK_HEADER = YES;
				CLANG_WARN_RANGE_LOOP_ANALYSIS = YES;
				CLANG_WARN_STRICT_PROTOTYPES = YES;
				CLANG_WARN_SUSPICIOUS_MOVE = YES;
				CLANG_WARN_UNGUARDED_AVAILABILITY = YES_AGGRESSIVE;
				CLANG_WARN_UNREACHABLE_CODE = YES;
				CLANG_WARN__DUPLICATE_METHOD_MATCH = YES;
				COPY_PHASE_STRIP = NO;
				DEBUG_INFORMATION_FORMAT = dwarf;
				ENABLE_STRICT_OBJC_MSGSEND = YES;
				ENABLE_TESTABILITY = YES;
				GCC_C_LANGUAGE_STANDARD = gnu11;
				GCC_DYNAMIC_NO_PIC = NO;
				GCC_NO_COMMON_BLOCKS = YES;
				GCC_OPTIMIZATION_LEVEL = 0;
				GCC_PREPROCESSOR_DEFINITIONS = (
					"DEBUG=1",
					"$(inherited)",
				);
				GCC_WARN_64_TO_32_BIT_CONVERSION = YES;
				GCC_WARN_ABOUT_RETURN_TYPE = YES_ERROR;
				GCC_WARN_UNDECLARED_SELECTOR = YES;
				GCC_WARN_UNINITIALIZED_AUTOS = YES_AGGRESSIVE;
				GCC_WARN_UNUSED_FUNCTION = YES;
				GCC_WARN_UNUSED_VARIABLE = YES;
				MTL_ENABLE_DEBUG_INFO = INCLUDE_SOURCE;
				MTL_FAST_MATH = YES;
				ONLY_ACTIVE_ARCH = YES;
				SWIFT_ACTIVE_COMPILATION_CONDITIONS = DEBUG;
				SWIFT_OPTIMIZATION_LEVEL = "-Onone";
			};
			name = Debug;
		};
		417D0FDE2615BC9B003FBA45 /* Release */ = {
			isa = XCBuildConfiguration;
			buildSettings = {
				ALWAYS_SEARCH_USER_PATHS = NO;
				CLANG_ANALYZER_NONNULL = YES;
				CLANG_ANALYZER_NUMBER_OBJECT_CONVERSION = YES_AGGRESSIVE;
				CLANG_CXX_LANGUAGE_STANDARD = "gnu++14";
				CLANG_CXX_LIBRARY = "libc++";
				CLANG_ENABLE_MODULES = YES;
				CLANG_ENABLE_OBJC_ARC = YES;
				CLANG_ENABLE_OBJC_WEAK = YES;
				CLANG_WARN_BLOCK_CAPTURE_AUTORELEASING = YES;
				CLANG_WARN_BOOL_CONVERSION = YES;
				CLANG_WARN_COMMA = YES;
				CLANG_WARN_CONSTANT_CONVERSION = YES;
				CLANG_WARN_DEPRECATED_OBJC_IMPLEMENTATIONS = YES;
				CLANG_WARN_DIRECT_OBJC_ISA_USAGE = YES_ERROR;
				CLANG_WARN_DOCUMENTATION_COMMENTS = YES;
				CLANG_WARN_EMPTY_BODY = YES;
				CLANG_WARN_ENUM_CONVERSION = YES;
				CLANG_WARN_INFINITE_RECURSION = YES;
				CLANG_WARN_INT_CONVERSION = YES;
				CLANG_WARN_NON_LITERAL_NULL_CONVERSION = YES;
				CLANG_WARN_OBJC_IMPLICIT_RETAIN_SELF = YES;
				CLANG_WARN_OBJC_LITERAL_CONVERSION = YES;
				CLANG_WARN_OBJC_ROOT_CLASS = YES_ERROR;
				CLANG_WARN_QUOTED_INCLUDE_IN_FRAMEWORK_HEADER = YES;
				CLANG_WARN_RANGE_LOOP_ANALYSIS = YES;
				CLANG_WARN_STRICT_PROTOTYPES = YES;
				CLANG_WARN_SUSPICIOUS_MOVE = YES;
				CLANG_WARN_UNGUARDED_AVAILABILITY = YES_AGGRESSIVE;
				CLANG_WARN_UNREACHABLE_CODE = YES;
				CLANG_WARN__DUPLICATE_METHOD_MATCH = YES;
				COPY_PHASE_STRIP = NO;
				DEBUG_INFORMATION_FORMAT = "dwarf-with-dsym";
				ENABLE_NS_ASSERTIONS = NO;
				ENABLE_STRICT_OBJC_MSGSEND = YES;
				GCC_C_LANGUAGE_STANDARD = gnu11;
				GCC_NO_COMMON_BLOCKS = YES;
				GCC_WARN_64_TO_32_BIT_CONVERSION = YES;
				GCC_WARN_ABOUT_RETURN_TYPE = YES_ERROR;
				GCC_WARN_UNDECLARED_SELECTOR = YES;
				GCC_WARN_UNINITIALIZED_AUTOS = YES_AGGRESSIVE;
				GCC_WARN_UNUSED_FUNCTION = YES;
				GCC_WARN_UNUSED_VARIABLE = YES;
				MTL_ENABLE_DEBUG_INFO = NO;
				MTL_FAST_MATH = YES;
				SWIFT_COMPILATION_MODE = wholemodule;
				SWIFT_OPTIMIZATION_LEVEL = "-O";
			};
			name = Release;
		};
		417D0FE02615BC9B003FBA45 /* Debug */ = {
			isa = XCBuildConfiguration;
			buildSettings = {
				ASSETCATALOG_COMPILER_APPICON_NAME = AppIcon;
				ASSETCATALOG_COMPILER_GLOBAL_ACCENT_COLOR_NAME = AccentColor;
				CODE_SIGN_STYLE = Automatic;
				DEVELOPMENT_TEAM = 6ULSCR2C5E;
				ENABLE_PREVIEWS = YES;
				INFOPLIST_FILE = iOS/Info.plist;
				IPHONEOS_DEPLOYMENT_TARGET = 14.0;
				LD_RUNPATH_SEARCH_PATHS = (
					"$(inherited)",
					"@executable_path/Frameworks",
				);
				PRODUCT_BUNDLE_IDENTIFIER = com.andreslab.medical;
				PRODUCT_NAME = medical;
				SDKROOT = iphoneos;
				SWIFT_VERSION = 5.0;
				TARGETED_DEVICE_FAMILY = "1,2";
			};
			name = Debug;
		};
		417D0FE12615BC9B003FBA45 /* Release */ = {
			isa = XCBuildConfiguration;
			buildSettings = {
				ASSETCATALOG_COMPILER_APPICON_NAME = AppIcon;
				ASSETCATALOG_COMPILER_GLOBAL_ACCENT_COLOR_NAME = AccentColor;
				CODE_SIGN_STYLE = Automatic;
				DEVELOPMENT_TEAM = 6ULSCR2C5E;
				ENABLE_PREVIEWS = YES;
				INFOPLIST_FILE = iOS/Info.plist;
				IPHONEOS_DEPLOYMENT_TARGET = 14.0;
				LD_RUNPATH_SEARCH_PATHS = (
					"$(inherited)",
					"@executable_path/Frameworks",
				);
				PRODUCT_BUNDLE_IDENTIFIER = com.andreslab.medical;
				PRODUCT_NAME = medical;
				SDKROOT = iphoneos;
				SWIFT_VERSION = 5.0;
				TARGETED_DEVICE_FAMILY = "1,2";
				VALIDATE_PRODUCT = YES;
			};
			name = Release;
		};
		417D0FE32615BC9B003FBA45 /* Debug */ = {
			isa = XCBuildConfiguration;
			buildSettings = {
				ASSETCATALOG_COMPILER_APPICON_NAME = AppIcon;
				ASSETCATALOG_COMPILER_GLOBAL_ACCENT_COLOR_NAME = AccentColor;
				CODE_SIGN_ENTITLEMENTS = macOS/macOS.entitlements;
				CODE_SIGN_STYLE = Automatic;
				COMBINE_HIDPI_IMAGES = YES;
				DEVELOPMENT_TEAM = 6ULSCR2C5E;
				ENABLE_HARDENED_RUNTIME = YES;
				ENABLE_PREVIEWS = YES;
				INFOPLIST_FILE = macOS/Info.plist;
				LD_RUNPATH_SEARCH_PATHS = (
					"$(inherited)",
					"@executable_path/../Frameworks",
				);
				MACOSX_DEPLOYMENT_TARGET = 11.0;
				PRODUCT_BUNDLE_IDENTIFIER = com.andreslab.medical;
				PRODUCT_NAME = medical;
				SDKROOT = macosx;
				SWIFT_VERSION = 5.0;
			};
			name = Debug;
		};
		417D0FE42615BC9B003FBA45 /* Release */ = {
			isa = XCBuildConfiguration;
			buildSettings = {
				ASSETCATALOG_COMPILER_APPICON_NAME = AppIcon;
				ASSETCATALOG_COMPILER_GLOBAL_ACCENT_COLOR_NAME = AccentColor;
				CODE_SIGN_ENTITLEMENTS = macOS/macOS.entitlements;
				CODE_SIGN_STYLE = Automatic;
				COMBINE_HIDPI_IMAGES = YES;
				DEVELOPMENT_TEAM = 6ULSCR2C5E;
				ENABLE_HARDENED_RUNTIME = YES;
				ENABLE_PREVIEWS = YES;
				INFOPLIST_FILE = macOS/Info.plist;
				LD_RUNPATH_SEARCH_PATHS = (
					"$(inherited)",
					"@executable_path/../Frameworks",
				);
				MACOSX_DEPLOYMENT_TARGET = 11.0;
				PRODUCT_BUNDLE_IDENTIFIER = com.andreslab.medical;
				PRODUCT_NAME = medical;
				SDKROOT = macosx;
				SWIFT_VERSION = 5.0;
			};
			name = Release;
		};
		417D0FE62615BC9B003FBA45 /* Debug */ = {
			isa = XCBuildConfiguration;
			buildSettings = {
				ALWAYS_EMBED_SWIFT_STANDARD_LIBRARIES = YES;
				CODE_SIGN_STYLE = Automatic;
				DEVELOPMENT_TEAM = 6ULSCR2C5E;
				INFOPLIST_FILE = "Tests iOS/Info.plist";
				IPHONEOS_DEPLOYMENT_TARGET = 14.2;
				LD_RUNPATH_SEARCH_PATHS = (
					"$(inherited)",
					"@executable_path/Frameworks",
					"@loader_path/Frameworks",
				);
				PRODUCT_BUNDLE_IDENTIFIER = "com.andreslab.Tests-iOS";
				PRODUCT_NAME = "$(TARGET_NAME)";
				SDKROOT = iphoneos;
				SWIFT_VERSION = 5.0;
				TARGETED_DEVICE_FAMILY = "1,2";
				TEST_TARGET_NAME = "medical (iOS)";
			};
			name = Debug;
		};
		417D0FE72615BC9B003FBA45 /* Release */ = {
			isa = XCBuildConfiguration;
			buildSettings = {
				ALWAYS_EMBED_SWIFT_STANDARD_LIBRARIES = YES;
				CODE_SIGN_STYLE = Automatic;
				DEVELOPMENT_TEAM = 6ULSCR2C5E;
				INFOPLIST_FILE = "Tests iOS/Info.plist";
				IPHONEOS_DEPLOYMENT_TARGET = 14.2;
				LD_RUNPATH_SEARCH_PATHS = (
					"$(inherited)",
					"@executable_path/Frameworks",
					"@loader_path/Frameworks",
				);
				PRODUCT_BUNDLE_IDENTIFIER = "com.andreslab.Tests-iOS";
				PRODUCT_NAME = "$(TARGET_NAME)";
				SDKROOT = iphoneos;
				SWIFT_VERSION = 5.0;
				TARGETED_DEVICE_FAMILY = "1,2";
				TEST_TARGET_NAME = "medical (iOS)";
				VALIDATE_PRODUCT = YES;
			};
			name = Release;
		};
		417D0FE92615BC9B003FBA45 /* Debug */ = {
			isa = XCBuildConfiguration;
			buildSettings = {
				ALWAYS_EMBED_SWIFT_STANDARD_LIBRARIES = YES;
				CODE_SIGN_STYLE = Automatic;
				COMBINE_HIDPI_IMAGES = YES;
				DEVELOPMENT_TEAM = 6ULSCR2C5E;
				INFOPLIST_FILE = "Tests macOS/Info.plist";
				LD_RUNPATH_SEARCH_PATHS = (
					"$(inherited)",
					"@executable_path/../Frameworks",
					"@loader_path/../Frameworks",
				);
				MACOSX_DEPLOYMENT_TARGET = 11.0;
				PRODUCT_BUNDLE_IDENTIFIER = "com.andreslab.Tests-macOS";
				PRODUCT_NAME = "$(TARGET_NAME)";
				SDKROOT = macosx;
				SWIFT_VERSION = 5.0;
				TEST_TARGET_NAME = "medical (macOS)";
			};
			name = Debug;
		};
		417D0FEA2615BC9B003FBA45 /* Release */ = {
			isa = XCBuildConfiguration;
			buildSettings = {
				ALWAYS_EMBED_SWIFT_STANDARD_LIBRARIES = YES;
				CODE_SIGN_STYLE = Automatic;
				COMBINE_HIDPI_IMAGES = YES;
				DEVELOPMENT_TEAM = 6ULSCR2C5E;
				INFOPLIST_FILE = "Tests macOS/Info.plist";
				LD_RUNPATH_SEARCH_PATHS = (
					"$(inherited)",
					"@executable_path/../Frameworks",
					"@loader_path/../Frameworks",
				);
				MACOSX_DEPLOYMENT_TARGET = 11.0;
				PRODUCT_BUNDLE_IDENTIFIER = "com.andreslab.Tests-macOS";
				PRODUCT_NAME = "$(TARGET_NAME)";
				SDKROOT = macosx;
				SWIFT_VERSION = 5.0;
				TEST_TARGET_NAME = "medical (macOS)";
			};
			name = Release;
		};
/* End XCBuildConfiguration section */

/* Begin XCConfigurationList section */
		417D0FAC2615BC99003FBA45 /* Build configuration list for PBXProject "medical" */ = {
			isa = XCConfigurationList;
			buildConfigurations = (
				417D0FDD2615BC9B003FBA45 /* Debug */,
				417D0FDE2615BC9B003FBA45 /* Release */,
			);
			defaultConfigurationIsVisible = 0;
			defaultConfigurationName = Release;
		};
		417D0FDF2615BC9B003FBA45 /* Build configuration list for PBXNativeTarget "medical (iOS)" */ = {
			isa = XCConfigurationList;
			buildConfigurations = (
				417D0FE02615BC9B003FBA45 /* Debug */,
				417D0FE12615BC9B003FBA45 /* Release */,
			);
			defaultConfigurationIsVisible = 0;
			defaultConfigurationName = Release;
		};
		417D0FE22615BC9B003FBA45 /* Build configuration list for PBXNativeTarget "medical (macOS)" */ = {
			isa = XCConfigurationList;
			buildConfigurations = (
				417D0FE32615BC9B003FBA45 /* Debug */,
				417D0FE42615BC9B003FBA45 /* Release */,
			);
			defaultConfigurationIsVisible = 0;
			defaultConfigurationName = Release;
		};
		417D0FE52615BC9B003FBA45 /* Build configuration list for PBXNativeTarget "Tests iOS" */ = {
			isa = XCConfigurationList;
			buildConfigurations = (
				417D0FE62615BC9B003FBA45 /* Debug */,
				417D0FE72615BC9B003FBA45 /* Release */,
			);
			defaultConfigurationIsVisible = 0;
			defaultConfigurationName = Release;
		};
		417D0FE82615BC9B003FBA45 /* Build configuration list for PBXNativeTarget "Tests macOS" */ = {
			isa = XCConfigurationList;
			buildConfigurations = (
				417D0FE92615BC9B003FBA45 /* Debug */,
				417D0FEA2615BC9B003FBA45 /* Release */,
			);
			defaultConfigurationIsVisible = 0;
			defaultConfigurationName = Release;
		};
/* End XCConfigurationList section */
	};
	rootObject = 417D0FA92615BC99003FBA45 /* Project object */;
}
